{
  "version": 4,
  "terraform_version": "1.2.3",
  "serial": 20,
  "lineage": "95dc5633-d604-d5c3-8f07-a3765f540a73",
  "outputs": {},
  "resources": [
    {
      "mode": "managed",
      "type": "aws_apprunner_service",
      "name": "readworth-apprunner-service",
      "provider": "provider[\"registry.terraform.io/hashicorp/aws\"]",
      "instances": [
        {
          "status": "tainted",
          "schema_version": 0,
          "attributes": {
            "arn": null,
            "auto_scaling_configuration_arn": null,
            "encryption_configuration": [],
            "health_check_configuration": null,
            "id": "arn:aws:apprunner:ap-northeast-1:634733325676:service/readworth-apprunner-service/a6d96e4db7ae4403ae1a54765dce8a5f",
            "instance_configuration": [
              {
                "cpu": "0.5 vCPU",
                "instance_role_arn": "",
                "memory": "1024"
              }
            ],
            "network_configuration": null,
            "observability_configuration": [],
            "service_id": null,
            "service_name": "readworth-apprunner-service",
            "service_url": null,
            "source_configuration": [
              {
                "authentication_configuration": [
                  {
                    "access_role_arn": "",
                    "connection_arn": "arn:aws:apprunner:ap-northeast-1:634733325676:connection/read-worth/22265587b7844f679f343ae6e9ebc23b"
                  }
                ],
                "auto_deployments_enabled": true,
                "code_repository": [
                  {
                    "code_configuration": [
                      {
                        "code_configuration_values": [
                          {
                            "build_command": "make docker/setup",
                            "port": "8000",
                            "runtime": "PHP_81",
                            "runtime_environment_secrets": null,
                            "runtime_environment_variables": null,
                            "start_command": ""
                          }
                        ],
                        "configuration_source": "API"
                      }
                    ],
                    "repository_url": "https://github.com/HayatoKudou/read_worth_api",
                    "source_code_version": [
                      {
                        "type": "BRANCH",
                        "value": "main"
                      }
                    ]
                  }
                ],
                "image_repository": []
              }
            ],
            "status": null,
            "tags": null,
            "tags_all": null
          },
          "sensitive_attributes": [],
          "private": "bnVsbA=="
        }
      ]
    },
    {
      "mode": "managed",
      "type": "aws_iam_policy_attachment",
      "name": "apprunner_access_role_policy",
      "provider": "provider[\"registry.terraform.io/hashicorp/aws\"]",
      "instances": []
    }
  ]
}
